{
  "object": {
    "pins": [
      {
        "package": "CryptoSwift",
        "repositoryURL": "https://github.com/krzyzanowskim/CryptoSwift.git",
        "state": {
          "branch": null,
          "revision": "4e31051c63cc0ddf10a25cf5318856c510cf77f4",
          "version": "1.4.0"
        }
      },
      {
        "package": "DefaultCodable",
        "repositoryURL": "https://github.com/gonzalezreal/DefaultCodable.git",
        "state": {
          "branch": null,
          "revision": "7417376ad1228c3ac5c2988770c9fe97ca667a57",
          "version": "1.2.0"
        }
      },
      {
        "package": "swift-nio",
        "repositoryURL": "https://github.com/apple/swift-nio.git",
        "state": {
          "branch": null,
          "revision": "5fc24345f92ec4c274121776c215ab0aa1ed4d50",
          "version": "2.22.0"
        }
      },
      {
        "package": "swift-nio-extras",
        "repositoryURL": "https://github.com/apple/swift-nio-extras.git",
        "state": {
          "branch": null,
          "revision": "e5b5d191a80667a14827bfeb0ae4a511f7677942",
          "version": "1.7.0"
        }
      },
      {
        "package": "swift-nio-ssl",
        "repositoryURL": "https://github.com/apple/swift-nio-ssl.git",
        "state": {
          "branch": null,
          "revision": "ea1dfd64193bf5af4490635a4a44c4fb43b1e1ae",
          "version": "2.9.1"
        }
      }
    ]
  },
  "version": 1
}
